
Microsoft Visual Studio Solution File, Format Version 9.00
# Visual Studio 2005
Project("{8BC9CEB8-8B4A-11D0-8D11-00A0C91BC942}") = "aprtoolkit", "libs\apr-toolkit\aprtoolkit.vcproj", "{13DEECA0-BDD4-4744-A1A2-8EB0A44DF3D2}"
EndProject
Global
	GlobalSection(SolutionConfigurationPlatforms) = preSolution
		Debug|Win32 = Debug|Win32
		Release|Win32 = Release|Win32
	EndGlobalSection
	GlobalSection(ProjectConfigurationPlatforms) = postSolution
		{13DEECA0-BDD4-4744-A1A2-8EB0A44DF3D2}.Debug|Win32.ActiveCfg = Debug|Win32
		{13DEECA0-BDD4-4744-A1A2-8EB0A44DF3D2}.Debug|Win32.Build.0 = Debug|Win32
		{13DEECA0-BDD4-4744-A1A2-8EB0A44DF3D2}.Release|Win32.ActiveCfg = Release|Win32
		{13DEECA0-BDD4-4744-A1A2-8EB0A44DF3D2}.Release|Win32.Build.0 = Release|Win32
	EndGlobalSection
	GlobalSection(SolutionProperties) = preSolution
		HideSolutionNode = FALSE
	EndGlobalSection
EndGlobal
